// !$*UTF8*$!
{
	archiveVersion = 1;
	classes = {
	};
	objectVersion = 46;
	objects = {

/* Begin PBXBuildFile section */
		C20043221B5398E20045B310 /* main.m in Sources */ = {isa = PBXBuildFile; fileRef = C20043211B5398E20045B310 /* main.m */; };
		C20043251B5398E20045B310 /* AppDelegate.m in Sources */ = {isa = PBXBuildFile; fileRef = C20043241B5398E20045B310 /* AppDelegate.m */; };
		C20043271B5398E20045B310 /* 11111-Prefix.pch in Resources */ = {isa = PBXBuildFile; fileRef = C20043261B5398E20045B310 /* 11111-Prefix.pch */; };
		C20043291B5398E20045B310 /* Images.xcassets in Resources */ = {isa = PBXBuildFile; fileRef = C20043281B5398E20045B310 /* Images.xcassets */; };
		C200432C1B5398E20045B310 /* LaunchScreen.xib in Resources */ = {isa = PBXBuildFile; fileRef = C200432A1B5398E20045B310 /* LaunchScreen.xib */; };
		C20043381B5398E20045B310 /* _1111Tests.m in Sources */ = {isa = PBXBuildFile; fileRef = C20043371B5398E20045B310 /* _1111Tests.m */; };
/* End PBXBuildFile section */

/* Begin PBXContainerItemProxy section */
		C20043321B5398E20045B310 /* PBXContainerItemProxy */ = {
			isa = PBXContainerItemProxy;
			containerPortal = C20043141B5398E20045B310 /* Project object */;
			proxyType = 1;
			remoteGlobalIDString = C200431B1B5398E20045B310;
			remoteInfo = 11111;
		};
/* End PBXContainerItemProxy section */

/* Begin PBXFileReference section */
		C200431C1B5398E20045B310 /* 11111.app */ = {isa = PBXFileReference; explicitFileType = wrapper.application; includeInIndex = 0; path = 11111.app; sourceTree = BUILT_PRODUCTS_DIR; };
		C20043201B5398E20045B310 /* Info.plist */ = {isa = PBXFileReference; lastKnownFileType = text.plist.xml; path = Info.plist; sourceTree = "<group>"; };
		C20043211B5398E20045B310 /* main.m */ = {isa = PBXFileReference; lastKnownFileType = sourcecode.c.objc; path = main.m; sourceTree = "<group>"; };
		C20043231B5398E20045B310 /* AppDelegate.h */ = {isa = PBXFileReference; lastKnownFileType = sourcecode.c.h; path = AppDelegate.h; sourceTree = "<group>"; };
		C20043241B5398E20045B310 /* AppDelegate.m */ = {isa = PBXFileReference; lastKnownFileType = sourcecode.c.objc; path = AppDelegate.m; sourceTree = "<group>"; };
		C20043261B5398E20045B310 /* 11111-Prefix.pch */ = {isa = PBXFileReference; lastKnownFileType = sourcecode.c.h; path = "11111-Prefix.pch"; sourceTree = "<group>"; };
		C20043281B5398E20045B310 /* Images.xcassets */ = {isa = PBXFileReference; lastKnownFileType = folder.assetcatalog; path = Images.xcassets; sourceTree = "<group>"; };
		C200432B1B5398E20045B310 /* Base */ = {isa = PBXFileReference; lastKnownFileType = file.xib; name = Base; path = Base.lproj/LaunchScreen.xib; sourceTree = "<group>"; };
		C20043311B5398E20045B310 /* 11111Tests.xctest */ = {isa = PBXFileReference; explicitFileType = wrapper.cfbundle; includeInIndex = 0; path = 11111Tests.xctest; sourceTree = BUILT_PRODUCTS_DIR; };
		C20043361B5398E20045B310 /* Info.plist */ = {isa = PBXFileReference; lastKnownFileType = text.plist.xml; path = Info.plist; sourceTree = "<group>"; };
		C20043371B5398E20045B310 /* _1111Tests.m */ = {isa = PBXFileReference; lastKnownFileType = sourcecode.c.objc; path = _1111Tests.m; sourceTree = "<group>"; };
/* End PBXFileReference section */

/* Begin PBXFrameworksBuildPhase section */
		C20043191B5398E20045B310 /* Frameworks */ = {
			isa = PBXFrameworksBuildPhase;
			buildActionMask = 2147483647;
			files = (
			);
			runOnlyForDeploymentPostprocessing = 0;
		};
		C200432E1B5398E20045B310 /* Frameworks */ = {
			isa = PBXFrameworksBuildPhase;
			buildActionMask = 2147483647;
			files = (
			);
			runOnlyForDeploymentPostprocessing = 0;
		};
/* End PBXFrameworksBuildPhase section */

/* Begin PBXGroup section */
		C20043131B5398E20045B310 = {
			isa = PBXGroup;
			children = (
				C200431E1B5398E20045B310 /* 11111 */,
				C20043341B5398E20045B310 /* 11111Tests */,
				C200431D1B5398E20045B310 /* Products */,
			);
			sourceTree = "<group>";
		};
		C200431D1B5398E20045B310 /* Products */ = {
			isa = PBXGroup;
			children = (
				C200431C1B5398E20045B310 /* 11111.app */,
				C20043311B5398E20045B310 /* 11111Tests.xctest */,
			);
			name = Products;
			sourceTree = "<group>";
		};
		C200431E1B5398E20045B310 /* 11111 */ = {
			isa = PBXGroup;
			children = (
				C20043231B5398E20045B310 /* AppDelegate.h */,
				C20043241B5398E20045B310 /* AppDelegate.m */,
				C20043261B5398E20045B310 /* 11111-Prefix.pch */,
				C20043281B5398E20045B310 /* Images.xcassets */,
				C200432A1B5398E20045B310 /* LaunchScreen.xib */,
				C200431F1B5398E20045B310 /* Supporting Files */,
			);
			path = 11111;
			sourceTree = "<group>";
		};
		C200431F1B5398E20045B310 /* Supporting Files */ = {
			isa = PBXGroup;
			children = (
				C20043201B5398E20045B310 /* Info.plist */,
				C20043211B5398E20045B310 /* main.m */,
			);
			name = "Supporting Files";
			sourceTree = "<group>";
		};
		C20043341B5398E20045B310 /* 11111Tests */ = {
			isa = PBXGroup;
			children = (
				C20043371B5398E20045B310 /* _1111Tests.m */,
				C20043351B5398E20045B310 /* Supporting Files */,
			);
			path = 11111Tests;
			sourceTree = "<group>";
		};
		C20043351B5398E20045B310 /* Supporting Files */ = {
			isa = PBXGroup;
			children = (
				C20043361B5398E20045B310 /* Info.plist */,
			);
			name = "Supporting Files";
			sourceTree = "<group>";
		};
/* End PBXGroup section */

/* Begin PBXNativeTarget section */
		C200431B1B5398E20045B310 /* 11111 */ = {
			isa = PBXNativeTarget;
			buildConfigurationList = C200433B1B5398E20045B310 /* Build configuration list for PBXNativeTarget "11111" */;
			buildPhases = (
				C20043181B5398E20045B310 /* Sources */,
				C20043191B5398E20045B310 /* Frameworks */,
				C200431A1B5398E20045B310 /* Resources */,
			);
			buildRules = (
			);
			dependencies = (
			);
			name = 11111;
			productName = 11111;
			productReference = C200431C1B5398E20045B310 /* 11111.app */;
			productType = "com.apple.product-type.application";
		};
		C20043301B5398E20045B310 /* 11111Tests */ = {
			isa = PBXNativeTarget;
			buildConfigurationList = C200433E1B5398E20045B310 /* Build configuration list for PBXNativeTarget "11111Tests" */;
			buildPhases = (
				C200432D1B5398E20045B310 /* Sources */,
				C200432E1B5398E20045B310 /* Frameworks */,
				C200432F1B5398E20045B310 /* Resources */,
			);
			buildRules = (
			);
			dependencies = (
				C20043331B5398E20045B310 /* PBXTargetDependency */,
			);
			name = 11111Tests;
			productName = 11111Tests;
			productReference = C20043311B5398E20045B310 /* 11111Tests.xctest */;
			productType = "com.apple.product-type.bundle.unit-test";
		};
/* End PBXNativeTarget section */

/* Begin PBXProject section */
		C20043141B5398E20045B310 /* Project object */ = {
			isa = PBXProject;
			attributes = {
				LastUpgradeCheck = 0610;
				ORGANIZATIONNAME = lanou3g;
				TargetAttributes = {
					C200431B1B5398E20045B310 = {
						CreatedOnToolsVersion = 6.1.1;
					};
					C20043301B5398E20045B310 = {
						CreatedOnToolsVersion = 6.1.1;
						TestTargetID = C200431B1B5398E20045B310;
					};
				};
			};
			buildConfigurationList = C20043171B5398E20045B310 /* Build configuration list for PBXProject "11111" */;
			compatibilityVersion = "Xcode 3.2";
			developmentRegion = English;
			hasScannedForEncodings = 0;
			knownRegions = (
				en,
				Base,
			);
			mainGroup = C20043131B5398E20045B310;
			productRefGroup = C200431D1B5398E20045B310 /* Products */;
			projectDirPath = "";
			projectRoot = "";
			targets = (
				C200431B1B5398E20045B310 /* 11111 */,
				C20043301B5398E20045B310 /* 11111Tests */,
			);
		};
/* End PBXProject section */

/* Begin PBXResourcesBuildPhase section */
		C200431A1B5398E20045B310 /* Resources */ = {
			isa = PBXResourcesBuildPhase;
			buildActionMask = 2147483647;
			files = (
				C20043271B5398E20045B310 /* 11111-Prefix.pch in Resources */,
				C200432C1B5398E20045B310 /* LaunchScreen.xib in Resources */,
				C20043291B5398E20045B310 /* Images.xcassets in Resources */,
			);
			runOnlyForDeploymentPostprocessing = 0;
		};
		C200432F1B5398E20045B310 /* Resources */ = {
			isa = PBXResourcesBuildPhase;
			buildActionMask = 2147483647;
			files = (
			);
			runOnlyForDeploymentPostprocessing = 0;
		};
/* End PBXResourcesBuildPhase section */

/* Begin PBXSourcesBuildPhase section */
		C20043181B5398E20045B310 /* Sources */ = {
			isa = PBXSourcesBuildPhase;
			buildActionMask = 2147483647;
			files = (
				C20043251B5398E20045B310 /* AppDelegate.m in Sources */,
				C20043221B5398E20045B310 /* main.m in Sources */,
			);
			runOnlyForDeploymentPostprocessing = 0;
		};
		C200432D1B5398E20045B310 /* Sources */ = {
			isa = PBXSourcesBuildPhase;
			buildActionMask = 2147483647;
			files = (
				C20043381B5398E20045B310 /* _1111Tests.m in Sources */,
			);
			runOnlyForDeploymentPostprocessing = 0;
		};
/* End PBXSourcesBuildPhase section */

/* Begin PBXTargetDependency section */
		C20043331B5398E20045B310 /* PBXTargetDependency */ = {
			isa = PBXTargetDependency;
			target = C200431B1B5398E20045B310 /* 11111 */;
			targetProxy = C20043321B5398E20045B310 /* PBXContainerItemProxy */;
		};
/* End PBXTargetDependency section */

/* Begin PBXVariantGroup section */
		C200432A1B5398E20045B310 /* LaunchScreen.xib */ = {
			isa = PBXVariantGroup;
			children = (
				C200432B1B5398E20045B310 /* Base */,
			);
			name = LaunchScreen.xib;
			sourceTree = "<group>";
		};
/* End PBXVariantGroup section */

/* Begin XCBuildConfiguration section */
		C20043391B5398E20045B310 /* Debug */ = {
			isa = XCBuildConfiguration;
			buildSettings = {
				ALWAYS_SEARCH_USER_PATHS = NO;
				CLANG_CXX_LANGUAGE_STANDARD = "gnu++0x";
				CLANG_CXX_LIBRARY = "libc++";
				CLANG_ENABLE_MODULES = YES;
				CLANG_ENABLE_OBJC_ARC = YES;
				CLANG_WARN_BOOL_CONVERSION = YES;
				CLANG_WARN_CONSTANT_CONVERSION = YES;
				CLANG_WARN_DIRECT_OBJC_ISA_USAGE = YES_ERROR;
				CLANG_WARN_EMPTY_BODY = YES;
				CLANG_WARN_ENUM_CONVERSION = YES;
				CLANG_WARN_INT_CONVERSION = YES;
				CLANG_WARN_OBJC_ROOT_CLASS = YES_ERROR;
				CLANG_WARN_UNREACHABLE_CODE = YES;
				CLANG_WARN__DUPLICATE_METHOD_MATCH = YES;
				"CODE_SIGN_IDENTITY[sdk=iphoneos*]" = "iPhone Developer";
				COPY_PHASE_STRIP = NO;
				ENABLE_STRICT_OBJC_MSGSEND = YES;
				GCC_C_LANGUAGE_STANDARD = gnu99;
				GCC_DYNAMIC_NO_PIC = NO;
				GCC_OPTIMIZATION_LEVEL = 0;
				GCC_PREPROCESSOR_DEFINITIONS = (
					"DEBUG=1",
					"$(inherited)",
				);
				GCC_SYMBOLS_PRIVATE_EXTERN = NO;
				GCC_WARN_64_TO_32_BIT_CONVERSION = YES;
				GCC_WARN_ABOUT_RETURN_TYPE = YES_ERROR;
				GCC_WARN_UNDECLARED_SELECTOR = YES;
				GCC_WARN_UNINITIALIZED_AUTOS = YES_AGGRESSIVE;
				GCC_WARN_UNUSED_FUNCTION = YES;
				GCC_WARN_UNUSED_VARIABLE = YES;
				IPHONEOS_DEPLOYMENT_TARGET = 8.1;
				MTL_ENABLE_DEBUG_INFO = YES;
				ONLY_ACTIVE_ARCH = YES;
				SDKROOT = iphoneos;
			};
			name = Debug;
		};
		C200433A1B5398E20045B310 /* Release */ = {
			isa = XCBuildConfiguration;
			buildSettings = {
				ALWAYS_SEARCH_USER_PATHS = NO;
				CLANG_CXX_LANGUAGE_STANDARD = "gnu++0x";
				CLANG_CXX_LIBRARY = "libc++";
				CLANG_ENABLE_MODULES = YES;
				CLANG_ENABLE_OBJC_ARC = YES;
				CLANG_WARN_BOOL_CONVERSION = YES;
				CLANG_WARN_CONSTANT_CONVERSION = YES;
				CLANG_WARN_DIRECT_OBJC_ISA_USAGE = YES_ERROR;
				CLANG_WARN_EMPTY_BODY = YES;
				CLANG_WARN_ENUM_CONVERSION = YES;
				CLANG_WARN_INT_CONVERSION = YES;
				CLANG_WARN_OBJC_ROOT_CLASS = YES_ERROR;
				CLANG_WARN_UNREACHABLE_CODE = YES;
				CLANG_WARN__DUPLICATE_METHOD_MATCH = YES;
				"CODE_SIGN_IDENTITY[sdk=iphoneos*]" = "iPhone Developer";
				COPY_PHASE_STRIP = YES;
				ENABLE_NS_ASSERTIONS = NO;
				ENABLE_STRICT_OBJC_MSGSEND = YES;
				GCC_C_LANGUAGE_STANDARD = gnu99;
				GCC_WARN_64_TO_32_BIT_CONVERSION = YES;
				GCC_WARN_ABOUT_RETURN_TYPE = YES_ERROR;
				GCC_WARN_UNDECLARED_SELECTOR = YES;
				GCC_WARN_UNINITIALIZED_AUTOS = YES_AGGRESSIVE;
				GCC_WARN_UNUSED_FUNCTION = YES;
				GCC_WARN_UNUSED_VARIABLE = YES;
				IPHONEOS_DEPLOYMENT_TARGET = 8.1;
				MTL_ENABLE_DEBUG_INFO = NO;
				SDKROOT = iphoneos;
				VALIDATE_PRODUCT = YES;
			};
			name = Release;
		};
		C200433C1B5398E20045B310 /* Debug */ = {
			isa = XCBuildConfiguration;
			buildSettings = {
				ASSETCATALOG_COMPILER_APPICON_NAME = AppIcon;
				INFOPLIST_FILE = 11111/Info.plist;
				LD_RUNPATH_SEARCH_PATHS = "$(inherited) @executable_path/Frameworks";
				PRODUCT_NAME = "$(TARGET_NAME)";
			};
			name = Debug;
		};
		C200433D1B5398E20045B310 /* Release */ = {
			isa = XCBuildConfiguration;
			buildSettings = {
				ASSETCATALOG_COMPILER_APPICON_NAME = AppIcon;
				INFOPLIST_FILE = 11111/Info.plist;
				LD_RUNPATH_SEARCH_PATHS = "$(inherited) @executable_path/Frameworks";
				PRODUCT_NAME = "$(TARGET_NAME)";
			};
			name = Release;
		};
		C200433F1B5398E20045B310 /* Debug */ = {
			isa = XCBuildConfiguration;
			buildSettings = {
				BUNDLE_LOADER = "$(TEST_HOST)";
				FRAMEWORK_SEARCH_PATHS = (
					"$(SDKROOT)/Developer/Library/Frameworks",
					"$(inherited)",
				);
				GCC_PREPROCESSOR_DEFINITIONS = (
					"DEBUG=1",
					"$(inherited)",
				);
				INFOPLIST_FILE = 11111Tests/Info.plist;
				LD_RUNPATH_SEARCH_PATHS = "$(inherited) @executable_path/Frameworks @loader_path/Frameworks";
				PRODUCT_NAME = "$(TARGET_NAME)";
				TEST_HOST = "$(BUILT_PRODUCTS_DIR)/11111.app/11111";
			};
			name = Debug;
		};
		C20043401B5398E20045B310 /* Release */ = {
			isa = XCBuildConfiguration;
			buildSettings = {
				BUNDLE_LOADER = "$(TEST_HOST)";
				FRAMEWORK_SEARCH_PATHS = (
					"$(SDKROOT)/Developer/Library/Frameworks",
					"$(inherited)",
				);
				INFOPLIST_FILE = 11111Tests/Info.plist;
				LD_RUNPATH_SEARCH_PATHS = "$(inherited) @executable_path/Frameworks @loader_path/Frameworks";
				PRODUCT_NAME = "$(TARGET_NAME)";
				TEST_HOST = "$(BUILT_PRODUCTS_DIR)/11111.app/11111";
			};
			name = Release;
		};
/* End XCBuildConfiguration section */

/* Begin XCConfigurationList section */
		C20043171B5398E20045B310 /* Build configuration list for PBXProject "11111" */ = {
			isa = XCConfigurationList;
			buildConfigurations = (
				C20043391B5398E20045B310 /* Debug */,
				C200433A1B5398E20045B310 /* Release */,
			);
			defaultConfigurationIsVisible = 0;
			defaultConfigurationName = Release;
		};
		C200433B1B5398E20045B310 /* Build configuration list for PBXNativeTarget "11111" */ = {
			isa = XCConfigurationList;
			buildConfigurations = (
				C200433C1B5398E20045B310 /* Debug */,
				C200433D1B5398E20045B310 /* Release */,
			);
			defaultConfigurationIsVisible = 0;
		};
		C200433E1B5398E20045B310 /* Build configuration list for PBXNativeTarget "11111Tests" */ = {
			isa = XCConfigurationList;
			buildConfigurations = (
				C200433F1B5398E20045B310 /* Debug */,
				C20043401B5398E20045B310 /* Release */,
			);
			defaultConfigurationIsVisible = 0;
		};
/* End XCConfigurationList section */
	};
	rootObject = C20043141B5398E20045B310 /* Project object */;
}
